
Microsoft Visual Studio Solution File, Format Version 12.00
# Visual Studio Version 17
VisualStudioVersion = 17.14.36705.20
MinimumVisualStudioVersion = 10.0.40219.1
Project("{FAE04EC0-301F-11D3-BF4B-00C04F79EFBC}") = "Albashiti_Mariam_25_26_ProjetC#ProgEven", "Albashiti_Mariam_25_26_ProjetC#ProgEven\Albashiti_Mariam_25_26_ProjetC#ProgEven.csproj", "{55A982B2-7767-4F60-9FBC-207AF3C0E73F}"
EndProject
Project("{FAE04EC0-301F-11D3-BF4B-00C04F79EFBC}") = "GestionProcessus", "GestionProcessus\GestionProcessus.csproj", "{0708A841-1D34-4261-902C-DFA9B799FD69}"
EndProject
Project("{FAE04EC0-301F-11D3-BF4B-00C04F79EFBC}") = "PgmSecondaire", "PgmSecondaire\PgmSecondaire.csproj", "{6B8C7244-C023-46E4-88DB-55612FF9FD48}"
EndProject
Project("{FAE04EC0-301F-11D3-BF4B-00C04F79EFBC}") = "Threads", "Threads\Threads.csproj", "{2D65AC41-2F43-4669-BB77-413598592306}"
EndProject
Global
	GlobalSection(SolutionConfigurationPlatforms) = preSolution
		Debug|Any CPU = Debug|Any CPU
		Release|Any CPU = Release|Any CPU
	EndGlobalSection
	GlobalSection(ProjectConfigurationPlatforms) = postSolution
		{55A982B2-7767-4F60-9FBC-207AF3C0E73F}.Debug|Any CPU.ActiveCfg = Debug|Any CPU
		{55A982B2-7767-4F60-9FBC-207AF3C0E73F}.Debug|Any CPU.Build.0 = Debug|Any CPU
		{55A982B2-7767-4F60-9FBC-207AF3C0E73F}.Release|Any CPU.ActiveCfg = Release|Any CPU
		{55A982B2-7767-4F60-9FBC-207AF3C0E73F}.Release|Any CPU.Build.0 = Release|Any CPU
		{0708A841-1D34-4261-902C-DFA9B799FD69}.Debug|Any CPU.ActiveCfg = Debug|Any CPU
		{0708A841-1D34-4261-902C-DFA9B799FD69}.Debug|Any CPU.Build.0 = Debug|Any CPU
		{0708A841-1D34-4261-902C-DFA9B799FD69}.Release|Any CPU.ActiveCfg = Release|Any CPU
		{0708A841-1D34-4261-902C-DFA9B799FD69}.Release|Any CPU.Build.0 = Release|Any CPU
		{6B8C7244-C023-46E4-88DB-55612FF9FD48}.Debug|Any CPU.ActiveCfg = Debug|Any CPU
		{6B8C7244-C023-46E4-88DB-55612FF9FD48}.Debug|Any CPU.Build.0 = Debug|Any CPU
		{6B8C7244-C023-46E4-88DB-55612FF9FD48}.Release|Any CPU.ActiveCfg = Release|Any CPU
		{6B8C7244-C023-46E4-88DB-55612FF9FD48}.Release|Any CPU.Build.0 = Release|Any CPU
		{2D65AC41-2F43-4669-BB77-413598592306}.Debug|Any CPU.ActiveCfg = Debug|Any CPU
		{2D65AC41-2F43-4669-BB77-413598592306}.Debug|Any CPU.Build.0 = Debug|Any CPU
		{2D65AC41-2F43-4669-BB77-413598592306}.Release|Any CPU.ActiveCfg = Release|Any CPU
		{2D65AC41-2F43-4669-BB77-413598592306}.Release|Any CPU.Build.0 = Release|Any CPU
	EndGlobalSection
	GlobalSection(SolutionProperties) = preSolution
		HideSolutionNode = FALSE
	EndGlobalSection
	GlobalSection(ExtensibilityGlobals) = postSolution
		SolutionGuid = {681ED7E4-5638-492C-91E6-1F5D3072F318}
	EndGlobalSection
EndGlobal
